Microsoft Visual Studio Solution File, Format Version 12.00
# Visual Studio 2012
Project("{FAE04EC0-301F-11D3-BF4B-00C04F79EFBC}") = "Crystal Online", "Crystal Online.csproj", "{338A8C78-0B12-43D0-AF9F-658D82538916}"
EndProject
Global
	GlobalSection(SolutionConfigurationPlatforms) = preSolution
	Debug|Any CPU = Debug|Any CPU
	ExportDebug|Any CPU = ExportDebug|Any CPU
	ExportRelease|Any CPU = ExportRelease|Any CPU
	EndGlobalSection
	GlobalSection(ProjectConfigurationPlatforms) = postSolution
		{338A8C78-0B12-43D0-AF9F-658D82538916}.Debug|Any CPU.ActiveCfg = Debug|Any CPU
		{338A8C78-0B12-43D0-AF9F-658D82538916}.Debug|Any CPU.Build.0 = Debug|Any CPU
		{338A8C78-0B12-43D0-AF9F-658D82538916}.ExportDebug|Any CPU.ActiveCfg = ExportDebug|Any CPU
		{338A8C78-0B12-43D0-AF9F-658D82538916}.ExportDebug|Any CPU.Build.0 = ExportDebug|Any CPU
		{338A8C78-0B12-43D0-AF9F-658D82538916}.ExportRelease|Any CPU.ActiveCfg = ExportRelease|Any CPU
		{338A8C78-0B12-43D0-AF9F-658D82538916}.ExportRelease|Any CPU.Build.0 = ExportRelease|Any CPU
	EndGlobalSection
EndGlobal
